
Microsoft Visual Studio Solution File, Format Version 12.00
# Visual Studio Version 17
VisualStudioVersion = 17.4.33213.308
MinimumVisualStudioVersion = 10.0.40219.1
Project("{9A19103F-16F7-4668-BE54-9A1E7A4F7556}") = "DroneRecycler", "DroneRecycler\DroneRecycler.csproj", "{354CBB6E-4CE4-40A4-9676-8F0E1B7C67F9}"
EndProject
Project("{2150E333-8FDC-42A3-9474-1A3956D46DE8}") = "Solution Items", "Solution Items", "{8E775204-6E06-4636-B007-E03EA5CF0E3E}"
	ProjectSection(SolutionItems) = preProject
		.gitattributes = .gitattributes
		.gitignore = .gitignore
		CHANGELOG.md = CHANGELOG.md
		README.md = README.md
	EndProjectSection
EndProject
Global
	GlobalSection(SolutionConfigurationPlatforms) = preSolution
		Debug|Any CPU = Debug|Any CPU
		Release|Any CPU = Release|Any CPU
	EndGlobalSection
	GlobalSection(ProjectConfigurationPlatforms) = postSolution
		{354CBB6E-4CE4-40A4-9676-8F0E1B7C67F9}.Debug|Any CPU.ActiveCfg = Debug|Any CPU
		{354CBB6E-4CE4-40A4-9676-8F0E1B7C67F9}.Debug|Any CPU.Build.0 = Debug|Any CPU
		{354CBB6E-4CE4-40A4-9676-8F0E1B7C67F9}.Release|Any CPU.ActiveCfg = Release|Any CPU
		{354CBB6E-4CE4-40A4-9676-8F0E1B7C67F9}.Release|Any CPU.Build.0 = Release|Any CPU
	EndGlobalSection
	GlobalSection(SolutionProperties) = preSolution
		HideSolutionNode = FALSE
	EndGlobalSection
	GlobalSection(ExtensibilityGlobals) = postSolution
		SolutionGuid = {C42FB82E-59D9-4623-81DA-9BA757644BEC}
	EndGlobalSection
EndGlobal
